
Microsoft Visual Studio Solution File, Format Version 12.00
# Visual Studio 15
VisualStudioVersion = 15.0.28010.2016
MinimumVisualStudioVersion = 10.0.40219.1
Project("{FAE04EC0-301F-11D3-BF4B-00C04F79EFBC}") = "PracticaSales.Android", "PracticaSales\PracticaSales.Android\PracticaSales.Android.csproj", "{6FD073F5-4491-4500-8F4A-D0612E31127C}"
EndProject
Project("{FAE04EC0-301F-11D3-BF4B-00C04F79EFBC}") = "PracticaSales.iOS", "PracticaSales\PracticaSales.iOS\PracticaSales.iOS.csproj", "{26E76830-B22D-4906-8E5C-1E2582D6EA42}"
EndProject
Project("{9A19103F-16F7-4668-BE54-9A1E7A4F7556}") = "PracticaSales", "PracticaSales\PracticaSales\PracticaSales.csproj", "{6BCF6CE8-1028-4D9A-A10A-47DFBE3F5723}"
EndProject
Project("{FAE04EC0-301F-11D3-BF4B-00C04F79EFBC}") = "PracticaSales.Backend", "PracticaSales.Backend\PracticaSales.Backend.csproj", "{841240C6-2188-424B-A04B-60B8CB2E6369}"
EndProject
Project("{FAE04EC0-301F-11D3-BF4B-00C04F79EFBC}") = "PracticaSales.API", "PracticaSales.API\PracticaSales.API.csproj", "{C7DA8C1B-759D-4E60-A1B4-6C5309F3A0FE}"
EndProject
Project("{FAE04EC0-301F-11D3-BF4B-00C04F79EFBC}") = "PracticaSales.Domain", "PracticaSales.Domain\PracticaSales.Domain.csproj", "{2D4685FE-983B-40D0-B28A-F64C4BD76050}"
EndProject
Project("{FAE04EC0-301F-11D3-BF4B-00C04F79EFBC}") = "PracticaSales.Common", "PracticaSales.Common\PracticaSales.Common.csproj", "{411BB53C-2AF4-45AF-A631-A12DD6946F51}"
EndProject
Global
	GlobalSection(SolutionConfigurationPlatforms) = preSolution
		Ad-Hoc|Any CPU = Ad-Hoc|Any CPU
		Ad-Hoc|ARM = Ad-Hoc|ARM
		Ad-Hoc|iPhone = Ad-Hoc|iPhone
		Ad-Hoc|iPhoneSimulator = Ad-Hoc|iPhoneSimulator
		Ad-Hoc|x64 = Ad-Hoc|x64
		Ad-Hoc|x86 = Ad-Hoc|x86
		AppStore|Any CPU = AppStore|Any CPU
		AppStore|ARM = AppStore|ARM
		AppStore|iPhone = AppStore|iPhone
		AppStore|iPhoneSimulator = AppStore|iPhoneSimulator
		AppStore|x64 = AppStore|x64
		AppStore|x86 = AppStore|x86
		Debug|Any CPU = Debug|Any CPU
		Debug|ARM = Debug|ARM
		Debug|iPhone = Debug|iPhone
		Debug|iPhoneSimulator = Debug|iPhoneSimulator
		Debug|x64 = Debug|x64
		Debug|x86 = Debug|x86
		Release|Any CPU = Release|Any CPU
		Release|ARM = Release|ARM
		Release|iPhone = Release|iPhone
		Release|iPhoneSimulator = Release|iPhoneSimulator
		Release|x64 = Release|x64
		Release|x86 = Release|x86
	EndGlobalSection
	GlobalSection(ProjectConfigurationPlatforms) = postSolution
		{6FD073F5-4491-4500-8F4A-D0612E31127C}.Ad-Hoc|Any CPU.ActiveCfg = Release|Any CPU
		{6FD073F5-4491-4500-8F4A-D0612E31127C}.Ad-Hoc|Any CPU.Build.0 = Release|Any CPU
		{6FD073F5-4491-4500-8F4A-D0612E31127C}.Ad-Hoc|Any CPU.Deploy.0 = Release|Any CPU
		{6FD073F5-4491-4500-8F4A-D0612E31127C}.Ad-Hoc|ARM.ActiveCfg = Release|Any CPU
		{6FD073F5-4491-4500-8F4A-D0612E31127C}.Ad-Hoc|ARM.Build.0 = Release|Any CPU
		{6FD073F5-4491-4500-8F4A-D0612E31127C}.Ad-Hoc|ARM.Deploy.0 = Release|Any CPU
		{6FD073F5-4491-4500-8F4A-D0612E31127C}.Ad-Hoc|iPhone.ActiveCfg = Release|Any CPU
		{6FD073F5-4491-4500-8F4A-D0612E31127C}.Ad-Hoc|iPhone.Build.0 = Release|Any CPU
		{6FD073F5-4491-4500-8F4A-D0612E31127C}.Ad-Hoc|iPhone.Deploy.0 = Release|Any CPU
		{6FD073F5-4491-4500-8F4A-D0612E31127C}.Ad-Hoc|iPhoneSimulator.ActiveCfg = Release|Any CPU
		{6FD073F5-4491-4500-8F4A-D0612E31127C}.Ad-Hoc|iPhoneSimulator.Build.0 = Release|Any CPU
		{6FD073F5-4491-4500-8F4A-D0612E31127C}.Ad-Hoc|iPhoneSimulator.Deploy.0 = Release|Any CPU
		{6FD073F5-4491-4500-8F4A-D0612E31127C}.Ad-Hoc|x64.ActiveCfg = Release|Any CPU
		{6FD073F5-4491-4500-8F4A-D0612E31127C}.Ad-Hoc|x64.Build.0 = Release|Any CPU
		{6FD073F5-4491-4500-8F4A-D0612E31127C}.Ad-Hoc|x64.Deploy.0 = Release|Any CPU
		{6FD073F5-4491-4500-8F4A-D0612E31127C}.Ad-Hoc|x86.ActiveCfg = Release|Any CPU
		{6FD073F5-4491-4500-8F4A-D0612E31127C}.Ad-Hoc|x86.Build.0 = Release|Any CPU
		{6FD073F5-4491-4500-8F4A-D0612E31127C}.Ad-Hoc|x86.Deploy.0 = Release|Any CPU
		{6FD073F5-4491-4500-8F4A-D0612E31127C}.AppStore|Any CPU.ActiveCfg = Release|Any CPU
		{6FD073F5-4491-4500-8F4A-D0612E31127C}.AppStore|Any CPU.Build.0 = Release|Any CPU
		{6FD073F5-4491-4500-8F4A-D0612E31127C}.AppStore|Any CPU.Deploy.0 = Release|Any CPU
		{6FD073F5-4491-4500-8F4A-D0612E31127C}.AppStore|ARM.ActiveCfg = Release|Any CPU
		{6FD073F5-4491-4500-8F4A-D0612E31127C}.AppStore|ARM.Build.0 = Release|Any CPU
		{6FD073F5-4491-4500-8F4A-D0612E31127C}.AppStore|ARM.Deploy.0 = Release|Any CPU
		{6FD073F5-4491-4500-8F4A-D0612E31127C}.AppStore|iPhone.ActiveCfg = Release|Any CPU
		{6FD073F5-4491-4500-8F4A-D0612E31127C}.AppStore|iPhone.Build.0 = Release|Any CPU
		{6FD073F5-4491-4500-8F4A-D0612E31127C}.AppStore|iPhone.Deploy.0 = Release|Any CPU
		{6FD073F5-4491-4500-8F4A-D0612E31127C}.AppStore|iPhoneSimulator.ActiveCfg = Release|Any CPU
		{6FD073F5-4491-4500-8F4A-D0612E31127C}.AppStore|iPhoneSimulator.Build.0 = Release|Any CPU
		{6FD073F5-4491-4500-8F4A-D0612E31127C}.AppStore|iPhoneSimulator.Deploy.0 = Release|Any CPU
		{6FD073F5-4491-4500-8F4A-D0612E31127C}.AppStore|x64.ActiveCfg = Release|Any CPU
		{6FD073F5-4491-4500-8F4A-D0612E31127C}.AppStore|x64.Build.0 = Release|Any CPU
		{6FD073F5-4491-4500-8F4A-D0612E31127C}.AppStore|x64.Deploy.0 = Release|Any CPU
		{6FD073F5-4491-4500-8F4A-D0612E31127C}.AppStore|x86.ActiveCfg = Release|Any CPU
		{6FD073F5-4491-4500-8F4A-D0612E31127C}.AppStore|x86.Build.0 = Release|Any CPU
		{6FD073F5-4491-4500-8F4A-D0612E31127C}.AppStore|x86.Deploy.0 = Release|Any CPU
		{6FD073F5-4491-4500-8F4A-D0612E31127C}.Debug|Any CPU.ActiveCfg = Debug|Any CPU
		{6FD073F5-4491-4500-8F4A-D0612E31127C}.Debug|Any CPU.Build.0 = Debug|Any CPU
		{6FD073F5-4491-4500-8F4A-D0612E31127C}.Debug|Any CPU.Deploy.0 = Debug|Any CPU
		{6FD073F5-4491-4500-8F4A-D0612E31127C}.Debug|ARM.ActiveCfg = Debug|Any CPU
		{6FD073F5-4491-4500-8F4A-D0612E31127C}.Debug|ARM.Build.0 = Debug|Any CPU
		{6FD073F5-4491-4500-8F4A-D0612E31127C}.Debug|ARM.Deploy.0 = Debug|Any CPU
		{6FD073F5-4491-4500-8F4A-D0612E31127C}.Debug|iPhone.ActiveCfg = Debug|Any CPU
		{6FD073F5-4491-4500-8F4A-D0612E31127C}.Debug|iPhone.Build.0 = Debug|Any CPU
		{6FD073F5-4491-4500-8F4A-D0612E31127C}.Debug|iPhone.Deploy.0 = Debug|Any CPU
		{6FD073F5-4491-4500-8F4A-D0612E31127C}.Debug|iPhoneSimulator.ActiveCfg = Debug|Any CPU
		{6FD073F5-4491-4500-8F4A-D0612E31127C}.Debug|iPhoneSimulator.Build.0 = Debug|Any CPU
		{6FD073F5-4491-4500-8F4A-D0612E31127C}.Debug|iPhoneSimulator.Deploy.0 = Debug|Any CPU
		{6FD073F5-4491-4500-8F4A-D0612E31127C}.Debug|x64.ActiveCfg = Debug|Any CPU
		{6FD073F5-4491-4500-8F4A-D0612E31127C}.Debug|x64.Build.0 = Debug|Any CPU
		{6FD073F5-4491-4500-8F4A-D0612E31127C}.Debug|x64.Deploy.0 = Debug|Any CPU
		{6FD073F5-4491-4500-8F4A-D0612E31127C}.Debug|x86.ActiveCfg = Debug|Any CPU
		{6FD073F5-4491-4500-8F4A-D0612E31127C}.Debug|x86.Build.0 = Debug|Any CPU
		{6FD073F5-4491-4500-8F4A-D0612E31127C}.Debug|x86.Deploy.0 = Debug|Any CPU
		{6FD073F5-4491-4500-8F4A-D0612E31127C}.Release|Any CPU.ActiveCfg = Release|Any CPU
		{6FD073F5-4491-4500-8F4A-D0612E31127C}.Release|Any CPU.Build.0 = Release|Any CPU
		{6FD073F5-4491-4500-8F4A-D0612E31127C}.Release|Any CPU.Deploy.0 = Release|Any CPU
		{6FD073F5-4491-4500-8F4A-D0612E31127C}.Release|ARM.ActiveCfg = Release|Any CPU
		{6FD073F5-4491-4500-8F4A-D0612E31127C}.Release|ARM.Build.0 = Release|Any CPU
		{6FD073F5-4491-4500-8F4A-D0612E31127C}.Release|ARM.Deploy.0 = Release|Any CPU
		{6FD073F5-4491-4500-8F4A-D0612E31127C}.Release|iPhone.ActiveCfg = Release|Any CPU
		{6FD073F5-4491-4500-8F4A-D0612E31127C}.Release|iPhone.Build.0 = Release|Any CPU
		{6FD073F5-4491-4500-8F4A-D0612E31127C}.Release|iPhone.Deploy.0 = Release|Any CPU
		{6FD073F5-4491-4500-8F4A-D0612E31127C}.Release|iPhoneSimulator.ActiveCfg = Release|Any CPU
		{6FD073F5-4491-4500-8F4A-D0612E31127C}.Release|iPhoneSimulator.Build.0 = Release|Any CPU
		{6FD073F5-4491-4500-8F4A-D0612E31127C}.Release|iPhoneSimulator.Deploy.0 = Release|Any CPU
		{6FD073F5-4491-4500-8F4A-D0612E31127C}.Release|x64.ActiveCfg = Release|Any CPU
		{6FD073F5-4491-4500-8F4A-D0612E31127C}.Release|x64.Build.0 = Release|Any CPU
		{6FD073F5-4491-4500-8F4A-D0612E31127C}.Release|x64.Deploy.0 = Release|Any CPU
		{6FD073F5-4491-4500-8F4A-D0612E31127C}.Release|x86.ActiveCfg = Release|Any CPU
		{6FD073F5-4491-4500-8F4A-D0612E31127C}.Release|x86.Build.0 = Release|Any CPU
		{6FD073F5-4491-4500-8F4A-D0612E31127C}.Release|x86.Deploy.0 = Release|Any CPU
		{26E76830-B22D-4906-8E5C-1E2582D6EA42}.Ad-Hoc|Any CPU.ActiveCfg = Ad-Hoc|iPhone
		{26E76830-B22D-4906-8E5C-1E2582D6EA42}.Ad-Hoc|Any CPU.Build.0 = Ad-Hoc|iPhone
		{26E76830-B22D-4906-8E5C-1E2582D6EA42}.Ad-Hoc|Any CPU.Deploy.0 = Ad-Hoc|iPhone
		{26E76830-B22D-4906-8E5C-1E2582D6EA42}.Ad-Hoc|ARM.ActiveCfg = Ad-Hoc|iPhone
		{26E76830-B22D-4906-8E5C-1E2582D6EA42}.Ad-Hoc|ARM.Build.0 = Ad-Hoc|iPhone
		{26E76830-B22D-4906-8E5C-1E2582D6EA42}.Ad-Hoc|ARM.Deploy.0 = Ad-Hoc|iPhone
		{26E76830-B22D-4906-8E5C-1E2582D6EA42}.Ad-Hoc|iPhone.ActiveCfg = Ad-Hoc|iPhone
		{26E76830-B22D-4906-8E5C-1E2582D6EA42}.Ad-Hoc|iPhone.Build.0 = Ad-Hoc|iPhone
		{26E76830-B22D-4906-8E5C-1E2582D6EA42}.Ad-Hoc|iPhone.Deploy.0 = Ad-Hoc|iPhone
		{26E76830-B22D-4906-8E5C-1E2582D6EA42}.Ad-Hoc|iPhoneSimulator.ActiveCfg = Ad-Hoc|iPhoneSimulator
		{26E76830-B22D-4906-8E5C-1E2582D6EA42}.Ad-Hoc|iPhoneSimulator.Build.0 = Ad-Hoc|iPhoneSimulator
		{26E76830-B22D-4906-8E5C-1E2582D6EA42}.Ad-Hoc|iPhoneSimulator.Deploy.0 = Ad-Hoc|iPhoneSimulator
		{26E76830-B22D-4906-8E5C-1E2582D6EA42}.Ad-Hoc|x64.ActiveCfg = Ad-Hoc|iPhone
		{26E76830-B22D-4906-8E5C-1E2582D6EA42}.Ad-Hoc|x64.Build.0 = Ad-Hoc|iPhone
		{26E76830-B22D-4906-8E5C-1E2582D6EA42}.Ad-Hoc|x64.Deploy.0 = Ad-Hoc|iPhone
		{26E76830-B22D-4906-8E5C-1E2582D6EA42}.Ad-Hoc|x86.ActiveCfg = Ad-Hoc|iPhone
		{26E76830-B22D-4906-8E5C-1E2582D6EA42}.Ad-Hoc|x86.Build.0 = Ad-Hoc|iPhone
		{26E76830-B22D-4906-8E5C-1E2582D6EA42}.Ad-Hoc|x86.Deploy.0 = Ad-Hoc|iPhone
		{26E76830-B22D-4906-8E5C-1E2582D6EA42}.AppStore|Any CPU.ActiveCfg = AppStore|iPhone
		{26E76830-B22D-4906-8E5C-1E2582D6EA42}.AppStore|Any CPU.Build.0 = AppStore|iPhone
		{26E76830-B22D-4906-8E5C-1E2582D6EA42}.AppStore|Any CPU.Deploy.0 = AppStore|iPhone
		{26E76830-B22D-4906-8E5C-1E2582D6EA42}.AppStore|ARM.ActiveCfg = AppStore|iPhone
		{26E76830-B22D-4906-8E5C-1E2582D6EA42}.AppStore|ARM.Build.0 = AppStore|iPhone
		{26E76830-B22D-4906-8E5C-1E2582D6EA42}.AppStore|ARM.Deploy.0 = AppStore|iPhone
		{26E76830-B22D-4906-8E5C-1E2582D6EA42}.AppStore|iPhone.ActiveCfg = AppStore|iPhone
		{26E76830-B22D-4906-8E5C-1E2582D6EA42}.AppStore|iPhone.Build.0 = AppStore|iPhone
		{26E76830-B22D-4906-8E5C-1E2582D6EA42}.AppStore|iPhone.Deploy.0 = AppStore|iPhone
		{26E76830-B22D-4906-8E5C-1E2582D6EA42}.AppStore|iPhoneSimulator.ActiveCfg = AppStore|iPhoneSimulator
		{26E76830-B22D-4906-8E5C-1E2582D6EA42}.AppStore|iPhoneSimulator.Build.0 = AppStore|iPhoneSimulator
		{26E76830-B22D-4906-8E5C-1E2582D6EA42}.AppStore|iPhoneSimulator.Deploy.0 = AppStore|iPhoneSimulator
		{26E76830-B22D-4906-8E5C-1E2582D6EA42}.AppStore|x64.ActiveCfg = AppStore|iPhone
		{26E76830-B22D-4906-8E5C-1E2582D6EA42}.AppStore|x64.Build.0 = AppStore|iPhone
		{26E76830-B22D-4906-8E5C-1E2582D6EA42}.AppStore|x64.Deploy.0 = AppStore|iPhone
		{26E76830-B22D-4906-8E5C-1E2582D6EA42}.AppStore|x86.ActiveCfg = AppStore|iPhone
		{26E76830-B22D-4906-8E5C-1E2582D6EA42}.AppStore|x86.Build.0 = AppStore|iPhone
		{26E76830-B22D-4906-8E5C-1E2582D6EA42}.AppStore|x86.Deploy.0 = AppStore|iPhone
		{26E76830-B22D-4906-8E5C-1E2582D6EA42}.Debug|Any CPU.ActiveCfg = Debug|iPhoneSimulator
		{26E76830-B22D-4906-8E5C-1E2582D6EA42}.Debug|Any CPU.Build.0 = Debug|iPhoneSimulator
		{26E76830-B22D-4906-8E5C-1E2582D6EA42}.Debug|Any CPU.Deploy.0 = Debug|iPhoneSimulator
		{26E76830-B22D-4906-8E5C-1E2582D6EA42}.Debug|ARM.ActiveCfg = Debug|iPhone
		{26E76830-B22D-4906-8E5C-1E2582D6EA42}.Debug|ARM.Build.0 = Debug|iPhone
		{26E76830-B22D-4906-8E5C-1E2582D6EA42}.Debug|ARM.Deploy.0 = Debug|iPhone
		{26E76830-B22D-4906-8E5C-1E2582D6EA42}.Debug|iPhone.ActiveCfg = Debug|iPhone
		{26E76830-B22D-4906-8E5C-1E2582D6EA42}.Debug|iPhone.Build.0 = Debug|iPhone
		{26E76830-B22D-4906-8E5C-1E2582D6EA42}.Debug|iPhone.Deploy.0 = Debug|iPhone
		{26E76830-B22D-4906-8E5C-1E2582D6EA42}.Debug|iPhoneSimulator.ActiveCfg = Debug|iPhoneSimulator
		{26E76830-B22D-4906-8E5C-1E2582D6EA42}.Debug|iPhoneSimulator.Build.0 = Debug|iPhoneSimulator
		{26E76830-B22D-4906-8E5C-1E2582D6EA42}.Debug|iPhoneSimulator.Deploy.0 = Debug|iPhoneSimulator
		{26E76830-B22D-4906-8E5C-1E2582D6EA42}.Debug|x64.ActiveCfg = Debug|iPhone
		{26E76830-B22D-4906-8E5C-1E2582D6EA42}.Debug|x64.Build.0 = Debug|iPhone
		{26E76830-B22D-4906-8E5C-1E2582D6EA42}.Debug|x64.Deploy.0 = Debug|iPhone
		{26E76830-B22D-4906-8E5C-1E2582D6EA42}.Debug|x86.ActiveCfg = Debug|iPhone
		{26E76830-B22D-4906-8E5C-1E2582D6EA42}.Debug|x86.Build.0 = Debug|iPhone
		{26E76830-B22D-4906-8E5C-1E2582D6EA42}.Debug|x86.Deploy.0 = Debug|iPhone
		{26E76830-B22D-4906-8E5C-1E2582D6EA42}.Release|Any CPU.ActiveCfg = Release|iPhone
		{26E76830-B22D-4906-8E5C-1E2582D6EA42}.Release|Any CPU.Build.0 = Release|iPhone
		{26E76830-B22D-4906-8E5C-1E2582D6EA42}.Release|Any CPU.Deploy.0 = Release|iPhone
		{26E76830-B22D-4906-8E5C-1E2582D6EA42}.Release|ARM.ActiveCfg = Release|iPhone
		{26E76830-B22D-4906-8E5C-1E2582D6EA42}.Release|ARM.Build.0 = Release|iPhone
		{26E76830-B22D-4906-8E5C-1E2582D6EA42}.Release|ARM.Deploy.0 = Release|iPhone
		{26E76830-B22D-4906-8E5C-1E2582D6EA42}.Release|iPhone.ActiveCfg = Release|iPhone
		{26E76830-B22D-4906-8E5C-1E2582D6EA42}.Release|iPhone.Build.0 = Release|iPhone
		{26E76830-B22D-4906-8E5C-1E2582D6EA42}.Release|iPhone.Deploy.0 = Release|iPhone
		{26E76830-B22D-4906-8E5C-1E2582D6EA42}.Release|iPhoneSimulator.ActiveCfg = Release|iPhoneSimulator
		{26E76830-B22D-4906-8E5C-1E2582D6EA42}.Release|iPhoneSimulator.Build.0 = Release|iPhoneSimulator
		{26E76830-B22D-4906-8E5C-1E2582D6EA42}.Release|iPhoneSimulator.Deploy.0 = Release|iPhoneSimulator
		{26E76830-B22D-4906-8E5C-1E2582D6EA42}.Release|x64.ActiveCfg = Release|iPhone
		{26E76830-B22D-4906-8E5C-1E2582D6EA42}.Release|x64.Build.0 = Release|iPhone
		{26E76830-B22D-4906-8E5C-1E2582D6EA42}.Release|x64.Deploy.0 = Release|iPhone
		{26E76830-B22D-4906-8E5C-1E2582D6EA42}.Release|x86.ActiveCfg = Release|iPhone
		{26E76830-B22D-4906-8E5C-1E2582D6EA42}.Release|x86.Build.0 = Release|iPhone
		{26E76830-B22D-4906-8E5C-1E2582D6EA42}.Release|x86.Deploy.0 = Release|iPhone
		{6BCF6CE8-1028-4D9A-A10A-47DFBE3F5723}.Ad-Hoc|Any CPU.ActiveCfg = Debug|Any CPU
		{6BCF6CE8-1028-4D9A-A10A-47DFBE3F5723}.Ad-Hoc|Any CPU.Build.0 = Debug|Any CPU
		{6BCF6CE8-1028-4D9A-A10A-47DFBE3F5723}.Ad-Hoc|Any CPU.Deploy.0 = Debug|Any CPU
		{6BCF6CE8-1028-4D9A-A10A-47DFBE3F5723}.Ad-Hoc|ARM.ActiveCfg = Debug|Any CPU
		{6BCF6CE8-1028-4D9A-A10A-47DFBE3F5723}.Ad-Hoc|ARM.Build.0 = Debug|Any CPU
		{6BCF6CE8-1028-4D9A-A10A-47DFBE3F5723}.Ad-Hoc|ARM.Deploy.0 = Debug|Any CPU
		{6BCF6CE8-1028-4D9A-A10A-47DFBE3F5723}.Ad-Hoc|iPhone.ActiveCfg = Debug|Any CPU
		{6BCF6CE8-1028-4D9A-A10A-47DFBE3F5723}.Ad-Hoc|iPhone.Build.0 = Debug|Any CPU
		{6BCF6CE8-1028-4D9A-A10A-47DFBE3F5723}.Ad-Hoc|iPhone.Deploy.0 = Debug|Any CPU
		{6BCF6CE8-1028-4D9A-A10A-47DFBE3F5723}.Ad-Hoc|iPhoneSimulator.ActiveCfg = Debug|Any CPU
		{6BCF6CE8-1028-4D9A-A10A-47DFBE3F5723}.Ad-Hoc|iPhoneSimulator.Build.0 = Debug|Any CPU
		{6BCF6CE8-1028-4D9A-A10A-47DFBE3F5723}.Ad-Hoc|iPhoneSimulator.Deploy.0 = Debug|Any CPU
		{6BCF6CE8-1028-4D9A-A10A-47DFBE3F5723}.Ad-Hoc|x64.ActiveCfg = Debug|Any CPU
		{6BCF6CE8-1028-4D9A-A10A-47DFBE3F5723}.Ad-Hoc|x64.Build.0 = Debug|Any CPU
		{6BCF6CE8-1028-4D9A-A10A-47DFBE3F5723}.Ad-Hoc|x64.Deploy.0 = Debug|Any CPU
		{6BCF6CE8-1028-4D9A-A10A-47DFBE3F5723}.Ad-Hoc|x86.ActiveCfg = Debug|Any CPU
		{6BCF6CE8-1028-4D9A-A10A-47DFBE3F5723}.Ad-Hoc|x86.Build.0 = Debug|Any CPU
		{6BCF6CE8-1028-4D9A-A10A-47DFBE3F5723}.Ad-Hoc|x86.Deploy.0 = Debug|Any CPU
		{6BCF6CE8-1028-4D9A-A10A-47DFBE3F5723}.AppStore|Any CPU.ActiveCfg = Debug|Any CPU
		{6BCF6CE8-1028-4D9A-A10A-47DFBE3F5723}.AppStore|Any CPU.Build.0 = Debug|Any CPU
		{6BCF6CE8-1028-4D9A-A10A-47DFBE3F5723}.AppStore|Any CPU.Deploy.0 = Debug|Any CPU
		{6BCF6CE8-1028-4D9A-A10A-47DFBE3F5723}.AppStore|ARM.ActiveCfg = Debug|Any CPU
		{6BCF6CE8-1028-4D9A-A10A-47DFBE3F5723}.AppStore|ARM.Build.0 = Debug|Any CPU
		{6BCF6CE8-1028-4D9A-A10A-47DFBE3F5723}.AppStore|ARM.Deploy.0 = Debug|Any CPU
		{6BCF6CE8-1028-4D9A-A10A-47DFBE3F5723}.AppStore|iPhone.ActiveCfg = Debug|Any CPU
		{6BCF6CE8-1028-4D9A-A10A-47DFBE3F5723}.AppStore|iPhone.Build.0 = Debug|Any CPU
		{6BCF6CE8-1028-4D9A-A10A-47DFBE3F5723}.AppStore|iPhone.Deploy.0 = Debug|Any CPU
		{6BCF6CE8-1028-4D9A-A10A-47DFBE3F5723}.AppStore|iPhoneSimulator.ActiveCfg = Debug|Any CPU
		{6BCF6CE8-1028-4D9A-A10A-47DFBE3F5723}.AppStore|iPhoneSimulator.Build.0 = Debug|Any CPU
		{6BCF6CE8-1028-4D9A-A10A-47DFBE3F5723}.AppStore|iPhoneSimulator.Deploy.0 = Debug|Any CPU
		{6BCF6CE8-1028-4D9A-A10A-47DFBE3F5723}.AppStore|x64.ActiveCfg = Debug|Any CPU
		{6BCF6CE8-1028-4D9A-A10A-47DFBE3F5723}.AppStore|x64.Build.0 = Debug|Any CPU
		{6BCF6CE8-1028-4D9A-A10A-47DFBE3F5723}.AppStore|x64.Deploy.0 = Debug|Any CPU
		{6BCF6CE8-1028-4D9A-A10A-47DFBE3F5723}.AppStore|x86.ActiveCfg = Debug|Any CPU
		{6BCF6CE8-1028-4D9A-A10A-47DFBE3F5723}.AppStore|x86.Build.0 = Debug|Any CPU
		{6BCF6CE8-1028-4D9A-A10A-47DFBE3F5723}.AppStore|x86.Deploy.0 = Debug|Any CPU
		{6BCF6CE8-1028-4D9A-A10A-47DFBE3F5723}.Debug|Any CPU.ActiveCfg = Debug|Any CPU
		{6BCF6CE8-1028-4D9A-A10A-47DFBE3F5723}.Debug|Any CPU.Build.0 = Debug|Any CPU
		{6BCF6CE8-1028-4D9A-A10A-47DFBE3F5723}.Debug|Any CPU.Deploy.0 = Debug|Any CPU
		{6BCF6CE8-1028-4D9A-A10A-47DFBE3F5723}.Debug|ARM.ActiveCfg = Debug|Any CPU
		{6BCF6CE8-1028-4D9A-A10A-47DFBE3F5723}.Debug|ARM.Build.0 = Debug|Any CPU
		{6BCF6CE8-1028-4D9A-A10A-47DFBE3F5723}.Debug|ARM.Deploy.0 = Debug|Any CPU
		{6BCF6CE8-1028-4D9A-A10A-47DFBE3F5723}.Debug|iPhone.ActiveCfg = Debug|Any CPU
		{6BCF6CE8-1028-4D9A-A10A-47DFBE3F5723}.Debug|iPhone.Build.0 = Debug|Any CPU
		{6BCF6CE8-1028-4D9A-A10A-47DFBE3F5723}.Debug|iPhone.Deploy.0 = Debug|Any CPU
		{6BCF6CE8-1028-4D9A-A10A-47DFBE3F5723}.Debug|iPhoneSimulator.ActiveCfg = Debug|Any CPU
		{6BCF6CE8-1028-4D9A-A10A-47DFBE3F5723}.Debug|iPhoneSimulator.Build.0 = Debug|Any CPU
		{6BCF6CE8-1028-4D9A-A10A-47DFBE3F5723}.Debug|iPhoneSimulator.Deploy.0 = Debug|Any CPU
		{6BCF6CE8-1028-4D9A-A10A-47DFBE3F5723}.Debug|x64.ActiveCfg = Debug|Any CPU
		{6BCF6CE8-1028-4D9A-A10A-47DFBE3F5723}.Debug|x64.Build.0 = Debug|Any CPU
		{6BCF6CE8-1028-4D9A-A10A-47DFBE3F5723}.Debug|x64.Deploy.0 = Debug|Any CPU
		{6BCF6CE8-1028-4D9A-A10A-47DFBE3F5723}.Debug|x86.ActiveCfg = Debug|Any CPU
		{6BCF6CE8-1028-4D9A-A10A-47DFBE3F5723}.Debug|x86.Build.0 = Debug|Any CPU
		{6BCF6CE8-1028-4D9A-A10A-47DFBE3F5723}.Debug|x86.Deploy.0 = Debug|Any CPU
		{6BCF6CE8-1028-4D9A-A10A-47DFBE3F5723}.Release|Any CPU.ActiveCfg = Release|Any CPU
		{6BCF6CE8-1028-4D9A-A10A-47DFBE3F5723}.Release|Any CPU.Build.0 = Release|Any CPU
		{6BCF6CE8-1028-4D9A-A10A-47DFBE3F5723}.Release|Any CPU.Deploy.0 = Release|Any CPU
		{6BCF6CE8-1028-4D9A-A10A-47DFBE3F5723}.Release|ARM.ActiveCfg = Release|Any CPU
		{6BCF6CE8-1028-4D9A-A10A-47DFBE3F5723}.Release|ARM.Build.0 = Release|Any CPU
		{6BCF6CE8-1028-4D9A-A10A-47DFBE3F5723}.Release|ARM.Deploy.0 = Release|Any CPU
		{6BCF6CE8-1028-4D9A-A10A-47DFBE3F5723}.Release|iPhone.ActiveCfg = Release|Any CPU
		{6BCF6CE8-1028-4D9A-A10A-47DFBE3F5723}.Release|iPhone.Build.0 = Release|Any CPU
		{6BCF6CE8-1028-4D9A-A10A-47DFBE3F5723}.Release|iPhone.Deploy.0 = Release|Any CPU
		{6BCF6CE8-1028-4D9A-A10A-47DFBE3F5723}.Release|iPhoneSimulator.ActiveCfg = Release|Any CPU
		{6BCF6CE8-1028-4D9A-A10A-47DFBE3F5723}.Release|iPhoneSimulator.Build.0 = Release|Any CPU
		{6BCF6CE8-1028-4D9A-A10A-47DFBE3F5723}.Release|iPhoneSimulator.Deploy.0 = Release|Any CPU
		{6BCF6CE8-1028-4D9A-A10A-47DFBE3F5723}.Release|x64.ActiveCfg = Release|Any CPU
		{6BCF6CE8-1028-4D9A-A10A-47DFBE3F5723}.Release|x64.Build.0 = Release|Any CPU
		{6BCF6CE8-1028-4D9A-A10A-47DFBE3F5723}.Release|x64.Deploy.0 = Release|Any CPU
		{6BCF6CE8-1028-4D9A-A10A-47DFBE3F5723}.Release|x86.ActiveCfg = Release|Any CPU
		{6BCF6CE8-1028-4D9A-A10A-47DFBE3F5723}.Release|x86.Build.0 = Release|Any CPU
		{6BCF6CE8-1028-4D9A-A10A-47DFBE3F5723}.Release|x86.Deploy.0 = Release|Any CPU
		{841240C6-2188-424B-A04B-60B8CB2E6369}.Ad-Hoc|Any CPU.ActiveCfg = Release|Any CPU
		{841240C6-2188-424B-A04B-60B8CB2E6369}.Ad-Hoc|Any CPU.Build.0 = Release|Any CPU
		{841240C6-2188-424B-A04B-60B8CB2E6369}.Ad-Hoc|ARM.ActiveCfg = Release|Any CPU
		{841240C6-2188-424B-A04B-60B8CB2E6369}.Ad-Hoc|ARM.Build.0 = Release|Any CPU
		{841240C6-2188-424B-A04B-60B8CB2E6369}.Ad-Hoc|iPhone.ActiveCfg = Release|Any CPU
		{841240C6-2188-424B-A04B-60B8CB2E6369}.Ad-Hoc|iPhone.Build.0 = Release|Any CPU
		{841240C6-2188-424B-A04B-60B8CB2E6369}.Ad-Hoc|iPhoneSimulator.ActiveCfg = Release|Any CPU
		{841240C6-2188-424B-A04B-60B8CB2E6369}.Ad-Hoc|iPhoneSimulator.Build.0 = Release|Any CPU
		{841240C6-2188-424B-A04B-60B8CB2E6369}.Ad-Hoc|x64.ActiveCfg = Release|Any CPU
		{841240C6-2188-424B-A04B-60B8CB2E6369}.Ad-Hoc|x64.Build.0 = Release|Any CPU
		{841240C6-2188-424B-A04B-60B8CB2E6369}.Ad-Hoc|x86.ActiveCfg = Release|Any CPU
		{841240C6-2188-424B-A04B-60B8CB2E6369}.Ad-Hoc|x86.Build.0 = Release|Any CPU
		{841240C6-2188-424B-A04B-60B8CB2E6369}.AppStore|Any CPU.ActiveCfg = Release|Any CPU
		{841240C6-2188-424B-A04B-60B8CB2E6369}.AppStore|Any CPU.Build.0 = Release|Any CPU
		{841240C6-2188-424B-A04B-60B8CB2E6369}.AppStore|ARM.ActiveCfg = Release|Any CPU
		{841240C6-2188-424B-A04B-60B8CB2E6369}.AppStore|ARM.Build.0 = Release|Any CPU
		{841240C6-2188-424B-A04B-60B8CB2E6369}.AppStore|iPhone.ActiveCfg = Release|Any CPU
		{841240C6-2188-424B-A04B-60B8CB2E6369}.AppStore|iPhone.Build.0 = Release|Any CPU
		{841240C6-2188-424B-A04B-60B8CB2E6369}.AppStore|iPhoneSimulator.ActiveCfg = Release|Any CPU
		{841240C6-2188-424B-A04B-60B8CB2E6369}.AppStore|iPhoneSimulator.Build.0 = Release|Any CPU
		{841240C6-2188-424B-A04B-60B8CB2E6369}.AppStore|x64.ActiveCfg = Release|Any CPU
		{841240C6-2188-424B-A04B-60B8CB2E6369}.AppStore|x64.Build.0 = Release|Any CPU
		{841240C6-2188-424B-A04B-60B8CB2E6369}.AppStore|x86.ActiveCfg = Release|Any CPU
		{841240C6-2188-424B-A04B-60B8CB2E6369}.AppStore|x86.Build.0 = Release|Any CPU
		{841240C6-2188-424B-A04B-60B8CB2E6369}.Debug|Any CPU.ActiveCfg = Debug|Any CPU
		{841240C6-2188-424B-A04B-60B8CB2E6369}.Debug|Any CPU.Build.0 = Debug|Any CPU
		{841240C6-2188-424B-A04B-60B8CB2E6369}.Debug|ARM.ActiveCfg = Debug|Any CPU
		{841240C6-2188-424B-A04B-60B8CB2E6369}.Debug|ARM.Build.0 = Debug|Any CPU
		{841240C6-2188-424B-A04B-60B8CB2E6369}.Debug|iPhone.ActiveCfg = Debug|Any CPU
		{841240C6-2188-424B-A04B-60B8CB2E6369}.Debug|iPhone.Build.0 = Debug|Any CPU
		{841240C6-2188-424B-A04B-60B8CB2E6369}.Debug|iPhoneSimulator.ActiveCfg = Debug|Any CPU
		{841240C6-2188-424B-A04B-60B8CB2E6369}.Debug|iPhoneSimulator.Build.0 = Debug|Any CPU
		{841240C6-2188-424B-A04B-60B8CB2E6369}.Debug|x64.ActiveCfg = Debug|Any CPU
		{841240C6-2188-424B-A04B-60B8CB2E6369}.Debug|x64.Build.0 = Debug|Any CPU
		{841240C6-2188-424B-A04B-60B8CB2E6369}.Debug|x86.ActiveCfg = Debug|Any CPU
		{841240C6-2188-424B-A04B-60B8CB2E6369}.Debug|x86.Build.0 = Debug|Any CPU
		{841240C6-2188-424B-A04B-60B8CB2E6369}.Release|Any CPU.ActiveCfg = Release|Any CPU
		{841240C6-2188-424B-A04B-60B8CB2E6369}.Release|Any CPU.Build.0 = Release|Any CPU
		{841240C6-2188-424B-A04B-60B8CB2E6369}.Release|ARM.ActiveCfg = Release|Any CPU
		{841240C6-2188-424B-A04B-60B8CB2E6369}.Release|ARM.Build.0 = Release|Any CPU
		{841240C6-2188-424B-A04B-60B8CB2E6369}.Release|iPhone.ActiveCfg = Release|Any CPU
		{841240C6-2188-424B-A04B-60B8CB2E6369}.Release|iPhone.Build.0 = Release|Any CPU
		{841240C6-2188-424B-A04B-60B8CB2E6369}.Release|iPhoneSimulator.ActiveCfg = Release|Any CPU
		{841240C6-2188-424B-A04B-60B8CB2E6369}.Release|iPhoneSimulator.Build.0 = Release|Any CPU
		{841240C6-2188-424B-A04B-60B8CB2E6369}.Release|x64.ActiveCfg = Release|Any CPU
		{841240C6-2188-424B-A04B-60B8CB2E6369}.Release|x64.Build.0 = Release|Any CPU
		{841240C6-2188-424B-A04B-60B8CB2E6369}.Release|x86.ActiveCfg = Release|Any CPU
		{841240C6-2188-424B-A04B-60B8CB2E6369}.Release|x86.Build.0 = Release|Any CPU
		{C7DA8C1B-759D-4E60-A1B4-6C5309F3A0FE}.Ad-Hoc|Any CPU.ActiveCfg = Release|Any CPU
		{C7DA8C1B-759D-4E60-A1B4-6C5309F3A0FE}.Ad-Hoc|Any CPU.Build.0 = Release|Any CPU
		{C7DA8C1B-759D-4E60-A1B4-6C5309F3A0FE}.Ad-Hoc|ARM.ActiveCfg = Release|Any CPU
		{C7DA8C1B-759D-4E60-A1B4-6C5309F3A0FE}.Ad-Hoc|ARM.Build.0 = Release|Any CPU
		{C7DA8C1B-759D-4E60-A1B4-6C5309F3A0FE}.Ad-Hoc|iPhone.ActiveCfg = Release|Any CPU
		{C7DA8C1B-759D-4E60-A1B4-6C5309F3A0FE}.Ad-Hoc|iPhone.Build.0 = Release|Any CPU
		{C7DA8C1B-759D-4E60-A1B4-6C5309F3A0FE}.Ad-Hoc|iPhoneSimulator.ActiveCfg = Release|Any CPU
		{C7DA8C1B-759D-4E60-A1B4-6C5309F3A0FE}.Ad-Hoc|iPhoneSimulator.Build.0 = Release|Any CPU
		{C7DA8C1B-759D-4E60-A1B4-6C5309F3A0FE}.Ad-Hoc|x64.ActiveCfg = Release|Any CPU
		{C7DA8C1B-759D-4E60-A1B4-6C5309F3A0FE}.Ad-Hoc|x64.Build.0 = Release|Any CPU
		{C7DA8C1B-759D-4E60-A1B4-6C5309F3A0FE}.Ad-Hoc|x86.ActiveCfg = Release|Any CPU
		{C7DA8C1B-759D-4E60-A1B4-6C5309F3A0FE}.Ad-Hoc|x86.Build.0 = Release|Any CPU
		{C7DA8C1B-759D-4E60-A1B4-6C5309F3A0FE}.AppStore|Any CPU.ActiveCfg = Release|Any CPU
		{C7DA8C1B-759D-4E60-A1B4-6C5309F3A0FE}.AppStore|Any CPU.Build.0 = Release|Any CPU
		{C7DA8C1B-759D-4E60-A1B4-6C5309F3A0FE}.AppStore|ARM.ActiveCfg = Release|Any CPU
		{C7DA8C1B-759D-4E60-A1B4-6C5309F3A0FE}.AppStore|ARM.Build.0 = Release|Any CPU
		{C7DA8C1B-759D-4E60-A1B4-6C5309F3A0FE}.AppStore|iPhone.ActiveCfg = Release|Any CPU
		{C7DA8C1B-759D-4E60-A1B4-6C5309F3A0FE}.AppStore|iPhone.Build.0 = Release|Any CPU
		{C7DA8C1B-759D-4E60-A1B4-6C5309F3A0FE}.AppStore|iPhoneSimulator.ActiveCfg = Release|Any CPU
		{C7DA8C1B-759D-4E60-A1B4-6C5309F3A0FE}.AppStore|iPhoneSimulator.Build.0 = Release|Any CPU
		{C7DA8C1B-759D-4E60-A1B4-6C5309F3A0FE}.AppStore|x64.ActiveCfg = Release|Any CPU
		{C7DA8C1B-759D-4E60-A1B4-6C5309F3A0FE}.AppStore|x64.Build.0 = Release|Any CPU
		{C7DA8C1B-759D-4E60-A1B4-6C5309F3A0FE}.AppStore|x86.ActiveCfg = Release|Any CPU
		{C7DA8C1B-759D-4E60-A1B4-6C5309F3A0FE}.AppStore|x86.Build.0 = Release|Any CPU
		{C7DA8C1B-759D-4E60-A1B4-6C5309F3A0FE}.Debug|Any CPU.ActiveCfg = Debug|Any CPU
		{C7DA8C1B-759D-4E60-A1B4-6C5309F3A0FE}.Debug|Any CPU.Build.0 = Debug|Any CPU
		{C7DA8C1B-759D-4E60-A1B4-6C5309F3A0FE}.Debug|ARM.ActiveCfg = Debug|Any CPU
		{C7DA8C1B-759D-4E60-A1B4-6C5309F3A0FE}.Debug|ARM.Build.0 = Debug|Any CPU
		{C7DA8C1B-759D-4E60-A1B4-6C5309F3A0FE}.Debug|iPhone.ActiveCfg = Debug|Any CPU
		{C7DA8C1B-759D-4E60-A1B4-6C5309F3A0FE}.Debug|iPhone.Build.0 = Debug|Any CPU
		{C7DA8C1B-759D-4E60-A1B4-6C5309F3A0FE}.Debug|iPhoneSimulator.ActiveCfg = Debug|Any CPU
		{C7DA8C1B-759D-4E60-A1B4-6C5309F3A0FE}.Debug|iPhoneSimulator.Build.0 = Debug|Any CPU
		{C7DA8C1B-759D-4E60-A1B4-6C5309F3A0FE}.Debug|x64.ActiveCfg = Debug|Any CPU
		{C7DA8C1B-759D-4E60-A1B4-6C5309F3A0FE}.Debug|x64.Build.0 = Debug|Any CPU
		{C7DA8C1B-759D-4E60-A1B4-6C5309F3A0FE}.Debug|x86.ActiveCfg = Debug|Any CPU
		{C7DA8C1B-759D-4E60-A1B4-6C5309F3A0FE}.Debug|x86.Build.0 = Debug|Any CPU
		{C7DA8C1B-759D-4E60-A1B4-6C5309F3A0FE}.Release|Any CPU.ActiveCfg = Release|Any CPU
		{C7DA8C1B-759D-4E60-A1B4-6C5309F3A0FE}.Release|Any CPU.Build.0 = Release|Any CPU
		{C7DA8C1B-759D-4E60-A1B4-6C5309F3A0FE}.Release|ARM.ActiveCfg = Release|Any CPU
		{C7DA8C1B-759D-4E60-A1B4-6C5309F3A0FE}.Release|ARM.Build.0 = Release|Any CPU
		{C7DA8C1B-759D-4E60-A1B4-6C5309F3A0FE}.Release|iPhone.ActiveCfg = Release|Any CPU
		{C7DA8C1B-759D-4E60-A1B4-6C5309F3A0FE}.Release|iPhone.Build.0 = Release|Any CPU
		{C7DA8C1B-759D-4E60-A1B4-6C5309F3A0FE}.Release|iPhoneSimulator.ActiveCfg = Release|Any CPU
		{C7DA8C1B-759D-4E60-A1B4-6C5309F3A0FE}.Release|iPhoneSimulator.Build.0 = Release|Any CPU
		{C7DA8C1B-759D-4E60-A1B4-6C5309F3A0FE}.Release|x64.ActiveCfg = Release|Any CPU
		{C7DA8C1B-759D-4E60-A1B4-6C5309F3A0FE}.Release|x64.Build.0 = Release|Any CPU
		{C7DA8C1B-759D-4E60-A1B4-6C5309F3A0FE}.Release|x86.ActiveCfg = Release|Any CPU
		{C7DA8C1B-759D-4E60-A1B4-6C5309F3A0FE}.Release|x86.Build.0 = Release|Any CPU
		{2D4685FE-983B-40D0-B28A-F64C4BD76050}.Ad-Hoc|Any CPU.ActiveCfg = Release|Any CPU
		{2D4685FE-983B-40D0-B28A-F64C4BD76050}.Ad-Hoc|Any CPU.Build.0 = Release|Any CPU
		{2D4685FE-983B-40D0-B28A-F64C4BD76050}.Ad-Hoc|ARM.ActiveCfg = Release|Any CPU
		{2D4685FE-983B-40D0-B28A-F64C4BD76050}.Ad-Hoc|ARM.Build.0 = Release|Any CPU
		{2D4685FE-983B-40D0-B28A-F64C4BD76050}.Ad-Hoc|iPhone.ActiveCfg = Release|Any CPU
		{2D4685FE-983B-40D0-B28A-F64C4BD76050}.Ad-Hoc|iPhone.Build.0 = Release|Any CPU
		{2D4685FE-983B-40D0-B28A-F64C4BD76050}.Ad-Hoc|iPhoneSimulator.ActiveCfg = Release|Any CPU
		{2D4685FE-983B-40D0-B28A-F64C4BD76050}.Ad-Hoc|iPhoneSimulator.Build.0 = Release|Any CPU
		{2D4685FE-983B-40D0-B28A-F64C4BD76050}.Ad-Hoc|x64.ActiveCfg = Release|Any CPU
		{2D4685FE-983B-40D0-B28A-F64C4BD76050}.Ad-Hoc|x64.Build.0 = Release|Any CPU
		{2D4685FE-983B-40D0-B28A-F64C4BD76050}.Ad-Hoc|x86.ActiveCfg = Release|Any CPU
		{2D4685FE-983B-40D0-B28A-F64C4BD76050}.Ad-Hoc|x86.Build.0 = Release|Any CPU
		{2D4685FE-983B-40D0-B28A-F64C4BD76050}.AppStore|Any CPU.ActiveCfg = Release|Any CPU
		{2D4685FE-983B-40D0-B28A-F64C4BD76050}.AppStore|Any CPU.Build.0 = Release|Any CPU
		{2D4685FE-983B-40D0-B28A-F64C4BD76050}.AppStore|ARM.ActiveCfg = Release|Any CPU
		{2D4685FE-983B-40D0-B28A-F64C4BD76050}.AppStore|ARM.Build.0 = Release|Any CPU
		{2D4685FE-983B-40D0-B28A-F64C4BD76050}.AppStore|iPhone.ActiveCfg = Release|Any CPU
		{2D4685FE-983B-40D0-B28A-F64C4BD76050}.AppStore|iPhone.Build.0 = Release|Any CPU
		{2D4685FE-983B-40D0-B28A-F64C4BD76050}.AppStore|iPhoneSimulator.ActiveCfg = Release|Any CPU
		{2D4685FE-983B-40D0-B28A-F64C4BD76050}.AppStore|iPhoneSimulator.Build.0 = Release|Any CPU
		{2D4685FE-983B-40D0-B28A-F64C4BD76050}.AppStore|x64.ActiveCfg = Release|Any CPU
		{2D4685FE-983B-40D0-B28A-F64C4BD76050}.AppStore|x64.Build.0 = Release|Any CPU
		{2D4685FE-983B-40D0-B28A-F64C4BD76050}.AppStore|x86.ActiveCfg = Release|Any CPU
		{2D4685FE-983B-40D0-B28A-F64C4BD76050}.AppStore|x86.Build.0 = Release|Any CPU
		{2D4685FE-983B-40D0-B28A-F64C4BD76050}.Debug|Any CPU.ActiveCfg = Debug|Any CPU
		{2D4685FE-983B-40D0-B28A-F64C4BD76050}.Debug|Any CPU.Build.0 = Debug|Any CPU
		{2D4685FE-983B-40D0-B28A-F64C4BD76050}.Debug|ARM.ActiveCfg = Debug|Any CPU
		{2D4685FE-983B-40D0-B28A-F64C4BD76050}.Debug|ARM.Build.0 = Debug|Any CPU
		{2D4685FE-983B-40D0-B28A-F64C4BD76050}.Debug|iPhone.ActiveCfg = Debug|Any CPU
		{2D4685FE-983B-40D0-B28A-F64C4BD76050}.Debug|iPhone.Build.0 = Debug|Any CPU
		{2D4685FE-983B-40D0-B28A-F64C4BD76050}.Debug|iPhoneSimulator.ActiveCfg = Debug|Any CPU
		{2D4685FE-983B-40D0-B28A-F64C4BD76050}.Debug|iPhoneSimulator.Build.0 = Debug|Any CPU
		{2D4685FE-983B-40D0-B28A-F64C4BD76050}.Debug|x64.ActiveCfg = Debug|Any CPU
		{2D4685FE-983B-40D0-B28A-F64C4BD76050}.Debug|x64.Build.0 = Debug|Any CPU
		{2D4685FE-983B-40D0-B28A-F64C4BD76050}.Debug|x86.ActiveCfg = Debug|Any CPU
		{2D4685FE-983B-40D0-B28A-F64C4BD76050}.Debug|x86.Build.0 = Debug|Any CPU
		{2D4685FE-983B-40D0-B28A-F64C4BD76050}.Release|Any CPU.ActiveCfg = Release|Any CPU
		{2D4685FE-983B-40D0-B28A-F64C4BD76050}.Release|Any CPU.Build.0 = Release|Any CPU
		{2D4685FE-983B-40D0-B28A-F64C4BD76050}.Release|ARM.ActiveCfg = Release|Any CPU
		{2D4685FE-983B-40D0-B28A-F64C4BD76050}.Release|ARM.Build.0 = Release|Any CPU
		{2D4685FE-983B-40D0-B28A-F64C4BD76050}.Release|iPhone.ActiveCfg = Release|Any CPU
		{2D4685FE-983B-40D0-B28A-F64C4BD76050}.Release|iPhone.Build.0 = Release|Any CPU
		{2D4685FE-983B-40D0-B28A-F64C4BD76050}.Release|iPhoneSimulator.ActiveCfg = Release|Any CPU
		{2D4685FE-983B-40D0-B28A-F64C4BD76050}.Release|iPhoneSimulator.Build.0 = Release|Any CPU
		{2D4685FE-983B-40D0-B28A-F64C4BD76050}.Release|x64.ActiveCfg = Release|Any CPU
		{2D4685FE-983B-40D0-B28A-F64C4BD76050}.Release|x64.Build.0 = Release|Any CPU
		{2D4685FE-983B-40D0-B28A-F64C4BD76050}.Release|x86.ActiveCfg = Release|Any CPU
		{2D4685FE-983B-40D0-B28A-F64C4BD76050}.Release|x86.Build.0 = Release|Any CPU
		{411BB53C-2AF4-45AF-A631-A12DD6946F51}.Ad-Hoc|Any CPU.ActiveCfg = Release|Any CPU
		{411BB53C-2AF4-45AF-A631-A12DD6946F51}.Ad-Hoc|Any CPU.Build.0 = Release|Any CPU
		{411BB53C-2AF4-45AF-A631-A12DD6946F51}.Ad-Hoc|ARM.ActiveCfg = Release|Any CPU
		{411BB53C-2AF4-45AF-A631-A12DD6946F51}.Ad-Hoc|ARM.Build.0 = Release|Any CPU
		{411BB53C-2AF4-45AF-A631-A12DD6946F51}.Ad-Hoc|iPhone.ActiveCfg = Release|Any CPU
		{411BB53C-2AF4-45AF-A631-A12DD6946F51}.Ad-Hoc|iPhone.Build.0 = Release|Any CPU
		{411BB53C-2AF4-45AF-A631-A12DD6946F51}.Ad-Hoc|iPhoneSimulator.ActiveCfg = Release|Any CPU
		{411BB53C-2AF4-45AF-A631-A12DD6946F51}.Ad-Hoc|iPhoneSimulator.Build.0 = Release|Any CPU
		{411BB53C-2AF4-45AF-A631-A12DD6946F51}.Ad-Hoc|x64.ActiveCfg = Release|Any CPU
		{411BB53C-2AF4-45AF-A631-A12DD6946F51}.Ad-Hoc|x64.Build.0 = Release|Any CPU
		{411BB53C-2AF4-45AF-A631-A12DD6946F51}.Ad-Hoc|x86.ActiveCfg = Release|Any CPU
		{411BB53C-2AF4-45AF-A631-A12DD6946F51}.Ad-Hoc|x86.Build.0 = Release|Any CPU
		{411BB53C-2AF4-45AF-A631-A12DD6946F51}.AppStore|Any CPU.ActiveCfg = Release|Any CPU
		{411BB53C-2AF4-45AF-A631-A12DD6946F51}.AppStore|Any CPU.Build.0 = Release|Any CPU
		{411BB53C-2AF4-45AF-A631-A12DD6946F51}.AppStore|ARM.ActiveCfg = Release|Any CPU
		{411BB53C-2AF4-45AF-A631-A12DD6946F51}.AppStore|ARM.Build.0 = Release|Any CPU
		{411BB53C-2AF4-45AF-A631-A12DD6946F51}.AppStore|iPhone.ActiveCfg = Release|Any CPU
		{411BB53C-2AF4-45AF-A631-A12DD6946F51}.AppStore|iPhone.Build.0 = Release|Any CPU
		{411BB53C-2AF4-45AF-A631-A12DD6946F51}.AppStore|iPhoneSimulator.ActiveCfg = Release|Any CPU
		{411BB53C-2AF4-45AF-A631-A12DD6946F51}.AppStore|iPhoneSimulator.Build.0 = Release|Any CPU
		{411BB53C-2AF4-45AF-A631-A12DD6946F51}.AppStore|x64.ActiveCfg = Release|Any CPU
		{411BB53C-2AF4-45AF-A631-A12DD6946F51}.AppStore|x64.Build.0 = Release|Any CPU
		{411BB53C-2AF4-45AF-A631-A12DD6946F51}.AppStore|x86.ActiveCfg = Release|Any CPU
		{411BB53C-2AF4-45AF-A631-A12DD6946F51}.AppStore|x86.Build.0 = Release|Any CPU
		{411BB53C-2AF4-45AF-A631-A12DD6946F51}.Debug|Any CPU.ActiveCfg = Debug|Any CPU
		{411BB53C-2AF4-45AF-A631-A12DD6946F51}.Debug|Any CPU.Build.0 = Debug|Any CPU
		{411BB53C-2AF4-45AF-A631-A12DD6946F51}.Debug|ARM.ActiveCfg = Debug|Any CPU
		{411BB53C-2AF4-45AF-A631-A12DD6946F51}.Debug|ARM.Build.0 = Debug|Any CPU
		{411BB53C-2AF4-45AF-A631-A12DD6946F51}.Debug|iPhone.ActiveCfg = Debug|Any CPU
		{411BB53C-2AF4-45AF-A631-A12DD6946F51}.Debug|iPhone.Build.0 = Debug|Any CPU
		{411BB53C-2AF4-45AF-A631-A12DD6946F51}.Debug|iPhoneSimulator.ActiveCfg = Debug|Any CPU
		{411BB53C-2AF4-45AF-A631-A12DD6946F51}.Debug|iPhoneSimulator.Build.0 = Debug|Any CPU
		{411BB53C-2AF4-45AF-A631-A12DD6946F51}.Debug|x64.ActiveCfg = Debug|Any CPU
		{411BB53C-2AF4-45AF-A631-A12DD6946F51}.Debug|x64.Build.0 = Debug|Any CPU
		{411BB53C-2AF4-45AF-A631-A12DD6946F51}.Debug|x86.ActiveCfg = Debug|Any CPU
		{411BB53C-2AF4-45AF-A631-A12DD6946F51}.Debug|x86.Build.0 = Debug|Any CPU
		{411BB53C-2AF4-45AF-A631-A12DD6946F51}.Release|Any CPU.ActiveCfg = Release|Any CPU
		{411BB53C-2AF4-45AF-A631-A12DD6946F51}.Release|Any CPU.Build.0 = Release|Any CPU
		{411BB53C-2AF4-45AF-A631-A12DD6946F51}.Release|ARM.ActiveCfg = Release|Any CPU
		{411BB53C-2AF4-45AF-A631-A12DD6946F51}.Release|ARM.Build.0 = Release|Any CPU
		{411BB53C-2AF4-45AF-A631-A12DD6946F51}.Release|iPhone.ActiveCfg = Release|Any CPU
		{411BB53C-2AF4-45AF-A631-A12DD6946F51}.Release|iPhone.Build.0 = Release|Any CPU
		{411BB53C-2AF4-45AF-A631-A12DD6946F51}.Release|iPhoneSimulator.ActiveCfg = Release|Any CPU
		{411BB53C-2AF4-45AF-A631-A12DD6946F51}.Release|iPhoneSimulator.Build.0 = Release|Any CPU
		{411BB53C-2AF4-45AF-A631-A12DD6946F51}.Release|x64.ActiveCfg = Release|Any CPU
		{411BB53C-2AF4-45AF-A631-A12DD6946F51}.Release|x64.Build.0 = Release|Any CPU
		{411BB53C-2AF4-45AF-A631-A12DD6946F51}.Release|x86.ActiveCfg = Release|Any CPU
		{411BB53C-2AF4-45AF-A631-A12DD6946F51}.Release|x86.Build.0 = Release|Any CPU
	EndGlobalSection
	GlobalSection(SolutionProperties) = preSolution
		HideSolutionNode = FALSE
	EndGlobalSection
	GlobalSection(ExtensibilityGlobals) = postSolution
		SolutionGuid = {28341A16-C9B1-41A6-BD3E-BD87FB7BBBF0}
	EndGlobalSection
EndGlobal
